
Microsoft Visual Studio Solution File, Format Version 12.00
# Visual Studio Version 17
VisualStudioVersion = 17.8.34322.80
MinimumVisualStudioVersion = 10.0.40219.1
Project("{9A19103F-16F7-4668-BE54-9A1E7A4F7556}") = "FileSystemApp", "FileSystemApp.csproj", "{DE20449D-4195-49F5-BA0F-CF2D0E950822}"
EndProject
Global
	GlobalSection(SolutionConfigurationPlatforms) = preSolution
		Debug|Any CPU = Debug|Any CPU
		Release|Any CPU = Release|Any CPU
	EndGlobalSection
	GlobalSection(ProjectConfigurationPlatforms) = postSolution
		{DE20449D-4195-49F5-BA0F-CF2D0E950822}.Debug|Any CPU.ActiveCfg = Debug|Any CPU
		{DE20449D-4195-49F5-BA0F-CF2D0E950822}.Debug|Any CPU.Build.0 = Debug|Any CPU
		{DE20449D-4195-49F5-BA0F-CF2D0E950822}.Release|Any CPU.ActiveCfg = Release|Any CPU
		{DE20449D-4195-49F5-BA0F-CF2D0E950822}.Release|Any CPU.Build.0 = Release|Any CPU
	EndGlobalSection
	GlobalSection(SolutionProperties) = preSolution
		HideSolutionNode = FALSE
	EndGlobalSection
	GlobalSection(ExtensibilityGlobals) = postSolution
		SolutionGuid = {541301AA-A757-4BD0-B612-A5C9B0794F5D}
	EndGlobalSection
EndGlobal
